
Microsoft Visual Studio Solution File, Format Version 12.00
# Visual Studio Version 17
VisualStudioVersion = 17.8.34511.84
MinimumVisualStudioVersion = 10.0.40219.1
Project("{9A19103F-16F7-4668-BE54-9A1E7A4F7556}") = "FoodDelivery.Domain", "FoodDelivery.Domain\FoodDelivery.Domain.csproj", "{6E504C64-2E3E-416C-88CF-78441662144D}"
EndProject
Project("{9A19103F-16F7-4668-BE54-9A1E7A4F7556}") = "FoodDelivery.Infrastructure", "FoodDelivery.Infrastructure\FoodDelivery.Infrastructure.csproj", "{AE2D330C-637F-4D93-AE95-208DE82FCBA7}"
EndProject
Project("{9A19103F-16F7-4668-BE54-9A1E7A4F7556}") = "FoodDelivery.Web", "FoodDelivery.Web\FoodDelivery.Web.csproj", "{0AC10036-19D9-4A9D-AD34-8B7A5963BB10}"
EndProject
Project("{9A19103F-16F7-4668-BE54-9A1E7A4F7556}") = "FoodDelivery.Tests", "FoodDelivery.Tests\FoodDelivery.Tests.csproj", "{9F65DCA7-B117-407F-9736-782D54391803}"
EndProject
Project("{2150E333-8FDC-42A3-9474-1A3956D46DE8}") = "Solution Items", "Solution Items", "{85625E78-0301-456C-AE96-B95FDBBE9E91}"
	ProjectSection(SolutionItems) = preProject
		.gitignore = .gitignore
	EndProjectSection
EndProject
Global
	GlobalSection(SolutionConfigurationPlatforms) = preSolution
		Debug|Any CPU = Debug|Any CPU
		Release|Any CPU = Release|Any CPU
	EndGlobalSection
	GlobalSection(ProjectConfigurationPlatforms) = postSolution
		{6E504C64-2E3E-416C-88CF-78441662144D}.Debug|Any CPU.ActiveCfg = Debug|Any CPU
		{6E504C64-2E3E-416C-88CF-78441662144D}.Debug|Any CPU.Build.0 = Debug|Any CPU
		{6E504C64-2E3E-416C-88CF-78441662144D}.Release|Any CPU.ActiveCfg = Release|Any CPU
		{6E504C64-2E3E-416C-88CF-78441662144D}.Release|Any CPU.Build.0 = Release|Any CPU
		{AE2D330C-637F-4D93-AE95-208DE82FCBA7}.Debug|Any CPU.ActiveCfg = Debug|Any CPU
		{AE2D330C-637F-4D93-AE95-208DE82FCBA7}.Debug|Any CPU.Build.0 = Debug|Any CPU
		{AE2D330C-637F-4D93-AE95-208DE82FCBA7}.Release|Any CPU.ActiveCfg = Release|Any CPU
		{AE2D330C-637F-4D93-AE95-208DE82FCBA7}.Release|Any CPU.Build.0 = Release|Any CPU
		{0AC10036-19D9-4A9D-AD34-8B7A5963BB10}.Debug|Any CPU.ActiveCfg = Debug|Any CPU
		{0AC10036-19D9-4A9D-AD34-8B7A5963BB10}.Debug|Any CPU.Build.0 = Debug|Any CPU
		{0AC10036-19D9-4A9D-AD34-8B7A5963BB10}.Release|Any CPU.ActiveCfg = Release|Any CPU
		{0AC10036-19D9-4A9D-AD34-8B7A5963BB10}.Release|Any CPU.Build.0 = Release|Any CPU
		{9F65DCA7-B117-407F-9736-782D54391803}.Debug|Any CPU.ActiveCfg = Debug|Any CPU
		{9F65DCA7-B117-407F-9736-782D54391803}.Debug|Any CPU.Build.0 = Debug|Any CPU
		{9F65DCA7-B117-407F-9736-782D54391803}.Release|Any CPU.ActiveCfg = Release|Any CPU
		{9F65DCA7-B117-407F-9736-782D54391803}.Release|Any CPU.Build.0 = Release|Any CPU
	EndGlobalSection
	GlobalSection(SolutionProperties) = preSolution
		HideSolutionNode = FALSE
	EndGlobalSection
	GlobalSection(ExtensibilityGlobals) = postSolution
		SolutionGuid = {BDA1F587-BB61-4984-BDC7-AFC544BB4FC4}
	EndGlobalSection
EndGlobal
